
Microsoft Visual Studio Solution File, Format Version 12.00
# Visual Studio Version 17
VisualStudioVersion = 17.6.33829.357
MinimumVisualStudioVersion = 10.0.40219.1
Project("{FAE04EC0-301F-11D3-BF4B-00C04F79EFBC}") = "SmEticaret", "SmEticaret\SmEticaret.csproj", "{A50B0FCA-82AF-4C38-A259-8ACB2D527D74}"
EndProject
Project("{FAE04EC0-301F-11D3-BF4B-00C04F79EFBC}") = "SmEticaret.Data", "SmEticaret.Data\SmEticaret.Data.csproj", "{51324293-2F98-4AB8-9C9B-BD41B01C9AAC}"
EndProject
Global
	GlobalSection(SolutionConfigurationPlatforms) = preSolution
		Debug|Any CPU = Debug|Any CPU
		Release|Any CPU = Release|Any CPU
	EndGlobalSection
	GlobalSection(ProjectConfigurationPlatforms) = postSolution
		{A50B0FCA-82AF-4C38-A259-8ACB2D527D74}.Debug|Any CPU.ActiveCfg = Debug|Any CPU
		{A50B0FCA-82AF-4C38-A259-8ACB2D527D74}.Debug|Any CPU.Build.0 = Debug|Any CPU
		{A50B0FCA-82AF-4C38-A259-8ACB2D527D74}.Release|Any CPU.ActiveCfg = Release|Any CPU
		{A50B0FCA-82AF-4C38-A259-8ACB2D527D74}.Release|Any CPU.Build.0 = Release|Any CPU
		{51324293-2F98-4AB8-9C9B-BD41B01C9AAC}.Debug|Any CPU.ActiveCfg = Debug|Any CPU
		{51324293-2F98-4AB8-9C9B-BD41B01C9AAC}.Debug|Any CPU.Build.0 = Debug|Any CPU
		{51324293-2F98-4AB8-9C9B-BD41B01C9AAC}.Release|Any CPU.ActiveCfg = Release|Any CPU
		{51324293-2F98-4AB8-9C9B-BD41B01C9AAC}.Release|Any CPU.Build.0 = Release|Any CPU
	EndGlobalSection
	GlobalSection(SolutionProperties) = preSolution
		HideSolutionNode = FALSE
	EndGlobalSection
	GlobalSection(ExtensibilityGlobals) = postSolution
		SolutionGuid = {3390886B-EB0A-4ED2-B504-4C48D7930551}
	EndGlobalSection
EndGlobal
